// !$*UTF8*$!
{
	archiveVersion = 1;
	classes = {
	};
	objectVersion = 50;
	objects = {

/* Begin PBXBuildFile section */
		764004F9247CBE11001E4F7E /* CreateGoalVC.swift in Sources */ = {isa = PBXBuildFile; fileRef = 764004F8247CBE10001E4F7E /* CreateGoalVC.swift */; };
		764004FB247CC5FE001E4F7E /* UIViewControllerExt.swift in Sources */ = {isa = PBXBuildFile; fileRef = 764004FA247CC5FE001E4F7E /* UIViewControllerExt.swift */; };
		764004FD247CD105001E4F7E /* UIButtonExt.swift in Sources */ = {isa = PBXBuildFile; fileRef = 764004FC247CD105001E4F7E /* UIButtonExt.swift */; };
		764004FF247CD11F001E4F7E /* UIViewExt.swift in Sources */ = {isa = PBXBuildFile; fileRef = 764004FE247CD11F001E4F7E /* UIViewExt.swift */; };
		76400501247CF57F001E4F7E /* FinishGoalVC.swift in Sources */ = {isa = PBXBuildFile; fileRef = 76400500247CF57F001E4F7E /* FinishGoalVC.swift */; };
		7662DE16247C6C1400A5CC45 /* AppDelegate.swift in Sources */ = {isa = PBXBuildFile; fileRef = 7662DE15247C6C1400A5CC45 /* AppDelegate.swift */; };
		7662DE18247C6C1400A5CC45 /* SceneDelegate.swift in Sources */ = {isa = PBXBuildFile; fileRef = 7662DE17247C6C1400A5CC45 /* SceneDelegate.swift */; };
		7662DE1D247C6C1400A5CC45 /* Main.storyboard in Resources */ = {isa = PBXBuildFile; fileRef = 7662DE1B247C6C1400A5CC45 /* Main.storyboard */; };
		7662DE20247C6C1400A5CC45 /* GoalPost.xcdatamodeld in Sources */ = {isa = PBXBuildFile; fileRef = 7662DE1E247C6C1400A5CC45 /* GoalPost.xcdatamodeld */; };
		7662DE22247C6C1600A5CC45 /* Assets.xcassets in Resources */ = {isa = PBXBuildFile; fileRef = 7662DE21247C6C1600A5CC45 /* Assets.xcassets */; };
		7662DE25247C6C1600A5CC45 /* LaunchScreen.storyboard in Resources */ = {isa = PBXBuildFile; fileRef = 7662DE23247C6C1600A5CC45 /* LaunchScreen.storyboard */; };
		7662DE33247C721E00A5CC45 /* GoalsVC.swift in Sources */ = {isa = PBXBuildFile; fileRef = 7662DE32247C721E00A5CC45 /* GoalsVC.swift */; };
		7662DE35247C8B8A00A5CC45 /* GoalCell.swift in Sources */ = {isa = PBXBuildFile; fileRef = 7662DE34247C8B8A00A5CC45 /* GoalCell.swift */; };
		7662DE37247CA5D600A5CC45 /* GoalType.swift in Sources */ = {isa = PBXBuildFile; fileRef = 7662DE36247CA5D600A5CC45 /* GoalType.swift */; };
/* End PBXBuildFile section */

/* Begin PBXFileReference section */
		764004F8247CBE10001E4F7E /* CreateGoalVC.swift */ = {isa = PBXFileReference; lastKnownFileType = sourcecode.swift; path = CreateGoalVC.swift; sourceTree = "<group>"; };
		764004FA247CC5FE001E4F7E /* UIViewControllerExt.swift */ = {isa = PBXFileReference; fileEncoding = 4; lastKnownFileType = sourcecode.swift; path = UIViewControllerExt.swift; sourceTree = "<group>"; };
		764004FC247CD105001E4F7E /* UIButtonExt.swift */ = {isa = PBXFileReference; fileEncoding = 4; lastKnownFileType = sourcecode.swift; path = UIButtonExt.swift; sourceTree = "<group>"; };
		764004FE247CD11F001E4F7E /* UIViewExt.swift */ = {isa = PBXFileReference; fileEncoding = 4; lastKnownFileType = sourcecode.swift; path = UIViewExt.swift; sourceTree = "<group>"; };
		76400500247CF57F001E4F7E /* FinishGoalVC.swift */ = {isa = PBXFileReference; lastKnownFileType = sourcecode.swift; path = FinishGoalVC.swift; sourceTree = "<group>"; };
		7662DE12247C6C1400A5CC45 /* GoalPost.app */ = {isa = PBXFileReference; explicitFileType = wrapper.application; includeInIndex = 0; path = GoalPost.app; sourceTree = BUILT_PRODUCTS_DIR; };
		7662DE15247C6C1400A5CC45 /* AppDelegate.swift */ = {isa = PBXFileReference; lastKnownFileType = sourcecode.swift; path = AppDelegate.swift; sourceTree = "<group>"; };
		7662DE17247C6C1400A5CC45 /* SceneDelegate.swift */ = {isa = PBXFileReference; lastKnownFileType = sourcecode.swift; path = SceneDelegate.swift; sourceTree = "<group>"; };
		7662DE1C247C6C1400A5CC45 /* Base */ = {isa = PBXFileReference; lastKnownFileType = file.storyboard; name = Base; path = Base.lproj/Main.storyboard; sourceTree = "<group>"; };
		7662DE1F247C6C1400A5CC45 /* GoalPost.xcdatamodel */ = {isa = PBXFileReference; lastKnownFileType = wrapper.xcdatamodel; path = GoalPost.xcdatamodel; sourceTree = "<group>"; };
		7662DE21247C6C1600A5CC45 /* Assets.xcassets */ = {isa = PBXFileReference; lastKnownFileType = folder.assetcatalog; path = Assets.xcassets; sourceTree = "<group>"; };
		7662DE24247C6C1600A5CC45 /* Base */ = {isa = PBXFileReference; lastKnownFileType = file.storyboard; name = Base; path = Base.lproj/LaunchScreen.storyboard; sourceTree = "<group>"; };
		7662DE26247C6C1600A5CC45 /* Info.plist */ = {isa = PBXFileReference; lastKnownFileType = text.plist.xml; path = Info.plist; sourceTree = "<group>"; };
		7662DE32247C721E00A5CC45 /* GoalsVC.swift */ = {isa = PBXFileReference; lastKnownFileType = sourcecode.swift; path = GoalsVC.swift; sourceTree = "<group>"; };
		7662DE34247C8B8A00A5CC45 /* GoalCell.swift */ = {isa = PBXFileReference; lastKnownFileType = sourcecode.swift; path = GoalCell.swift; sourceTree = "<group>"; };
		7662DE36247CA5D600A5CC45 /* GoalType.swift */ = {isa = PBXFileReference; lastKnownFileType = sourcecode.swift; path = GoalType.swift; sourceTree = "<group>"; };
/* End PBXFileReference section */

/* Begin PBXFrameworksBuildPhase section */
		7662DE0F247C6C1400A5CC45 /* Frameworks */ = {
			isa = PBXFrameworksBuildPhase;
			buildActionMask = 2147483647;
			files = (
			);
			runOnlyForDeploymentPostprocessing = 0;
		};
/* End PBXFrameworksBuildPhase section */

/* Begin PBXGroup section */
		7662DE09247C6C1400A5CC45 = {
			isa = PBXGroup;
			children = (
				7662DE14247C6C1400A5CC45 /* GoalPost */,
				7662DE13247C6C1400A5CC45 /* Products */,
			);
			sourceTree = "<group>";
		};
		7662DE13247C6C1400A5CC45 /* Products */ = {
			isa = PBXGroup;
			children = (
				7662DE12247C6C1400A5CC45 /* GoalPost.app */,
			);
			name = Products;
			sourceTree = "<group>";
		};
		7662DE14247C6C1400A5CC45 /* GoalPost */ = {
			isa = PBXGroup;
			children = (
				7662DE30247C70A300A5CC45 /* AppDelegate+Deleagtes */,
				7662DE2F247C704500A5CC45 /* Extensions */,
				7662DE2E247C703B00A5CC45 /* Enums */,
				7662DE2D247C702B00A5CC45 /* View */,
				7662DE2C247C701B00A5CC45 /* Controller */,
				7662DE31247C70B900A5CC45 /* Scenes */,
				7662DE21247C6C1600A5CC45 /* Assets.xcassets */,
				7662DE26247C6C1600A5CC45 /* Info.plist */,
				7662DE1E247C6C1400A5CC45 /* GoalPost.xcdatamodeld */,
			);
			path = GoalPost;
			sourceTree = "<group>";
		};
		7662DE2C247C701B00A5CC45 /* Controller */ = {
			isa = PBXGroup;
			children = (
				7662DE32247C721E00A5CC45 /* GoalsVC.swift */,
				764004F8247CBE10001E4F7E /* CreateGoalVC.swift */,
				76400500247CF57F001E4F7E /* FinishGoalVC.swift */,
			);
			path = Controller;
			sourceTree = "<group>";
		};
		7662DE2D247C702B00A5CC45 /* View */ = {
			isa = PBXGroup;
			children = (
				7662DE34247C8B8A00A5CC45 /* GoalCell.swift */,
			);
			path = View;
			sourceTree = "<group>";
		};
		7662DE2E247C703B00A5CC45 /* Enums */ = {
			isa = PBXGroup;
			children = (
				7662DE36247CA5D600A5CC45 /* GoalType.swift */,
			);
			path = Enums;
			sourceTree = "<group>";
		};
		7662DE2F247C704500A5CC45 /* Extensions */ = {
			isa = PBXGroup;
			children = (
				764004FA247CC5FE001E4F7E /* UIViewControllerExt.swift */,
				764004FC247CD105001E4F7E /* UIButtonExt.swift */,
				764004FE247CD11F001E4F7E /* UIViewExt.swift */,
			);
			path = Extensions;
			sourceTree = "<group>";
		};
		7662DE30247C70A300A5CC45 /* AppDelegate+Deleagtes */ = {
			isa = PBXGroup;
			children = (
				7662DE15247C6C1400A5CC45 /* AppDelegate.swift */,
				7662DE17247C6C1400A5CC45 /* SceneDelegate.swift */,
			);
			path = "AppDelegate+Deleagtes";
			sourceTree = "<group>";
		};
		7662DE31247C70B900A5CC45 /* Scenes */ = {
			isa = PBXGroup;
			children = (
				7662DE1B247C6C1400A5CC45 /* Main.storyboard */,
				7662DE23247C6C1600A5CC45 /* LaunchScreen.storyboard */,
			);
			path = Scenes;
			sourceTree = "<group>";
		};
/* End PBXGroup section */

/* Begin PBXNativeTarget section */
		7662DE11247C6C1400A5CC45 /* GoalPost */ = {
			isa = PBXNativeTarget;
			buildConfigurationList = 7662DE29247C6C1600A5CC45 /* Build configuration list for PBXNativeTarget "GoalPost" */;
			buildPhases = (
				7662DE0E247C6C1400A5CC45 /* Sources */,
				7662DE0F247C6C1400A5CC45 /* Frameworks */,
				7662DE10247C6C1400A5CC45 /* Resources */,
			);
			buildRules = (
			);
			dependencies = (
			);
			name = GoalPost;
			productName = GoalPost;
			productReference = 7662DE12247C6C1400A5CC45 /* GoalPost.app */;
			productType = "com.apple.product-type.application";
		};
/* End PBXNativeTarget section */

/* Begin PBXProject section */
		7662DE0A247C6C1400A5CC45 /* Project object */ = {
			isa = PBXProject;
			attributes = {
				LastSwiftUpdateCheck = 1130;
				LastUpgradeCheck = 1130;
				ORGANIZATIONNAME = "Mohamed Adel";
				TargetAttributes = {
					7662DE11247C6C1400A5CC45 = {
						CreatedOnToolsVersion = 11.3.1;
					};
				};
			};
			buildConfigurationList = 7662DE0D247C6C1400A5CC45 /* Build configuration list for PBXProject "GoalPost" */;
			compatibilityVersion = "Xcode 9.3";
			developmentRegion = en;
			hasScannedForEncodings = 0;
			knownRegions = (
				en,
				Base,
			);
			mainGroup = 7662DE09247C6C1400A5CC45;
			productRefGroup = 7662DE13247C6C1400A5CC45 /* Products */;
			projectDirPath = "";
			projectRoot = "";
			targets = (
				7662DE11247C6C1400A5CC45 /* GoalPost */,
			);
		};
/* End PBXProject section */

/* Begin PBXResourcesBuildPhase section */
		7662DE10247C6C1400A5CC45 /* Resources */ = {
			isa = PBXResourcesBuildPhase;
			buildActionMask = 2147483647;
			files = (
				7662DE25247C6C1600A5CC45 /* LaunchScreen.storyboard in Resources */,
				7662DE22247C6C1600A5CC45 /* Assets.xcassets in Resources */,
				7662DE1D247C6C1400A5CC45 /* Main.storyboard in Resources */,
			);
			runOnlyForDeploymentPostprocessing = 0;
		};
/* End PBXResourcesBuildPhase section */

/* Begin PBXSourcesBuildPhase section */
		7662DE0E247C6C1400A5CC45 /* Sources */ = {
			isa = PBXSourcesBuildPhase;
			buildActionMask = 2147483647;
			files = (
				7662DE16247C6C1400A5CC45 /* AppDelegate.swift in Sources */,
				7662DE20247C6C1400A5CC45 /* GoalPost.xcdatamodeld in Sources */,
				764004FF247CD11F001E4F7E /* UIViewExt.swift in Sources */,
				764004FB247CC5FE001E4F7E /* UIViewControllerExt.swift in Sources */,
				7662DE37247CA5D600A5CC45 /* GoalType.swift in Sources */,
				76400501247CF57F001E4F7E /* FinishGoalVC.swift in Sources */,
				7662DE18247C6C1400A5CC45 /* SceneDelegate.swift in Sources */,
				764004F9247CBE11001E4F7E /* CreateGoalVC.swift in Sources */,
				7662DE35247C8B8A00A5CC45 /* GoalCell.swift in Sources */,
				764004FD247CD105001E4F7E /* UIButtonExt.swift in Sources */,
				7662DE33247C721E00A5CC45 /* GoalsVC.swift in Sources */,
			);
			runOnlyForDeploymentPostprocessing = 0;
		};
/* End PBXSourcesBuildPhase section */

/* Begin PBXVariantGroup section */
		7662DE1B247C6C1400A5CC45 /* Main.storyboard */ = {
			isa = PBXVariantGroup;
			children = (
				7662DE1C247C6C1400A5CC45 /* Base */,
			);
			name = Main.storyboard;
			sourceTree = "<group>";
		};
		7662DE23247C6C1600A5CC45 /* LaunchScreen.storyboard */ = {
			isa = PBXVariantGroup;
			children = (
				7662DE24247C6C1600A5CC45 /* Base */,
			);
			name = LaunchScreen.storyboard;
			sourceTree = "<group>";
		};
/* End PBXVariantGroup section */

/* Begin XCBuildConfiguration section */
		7662DE27247C6C1600A5CC45 /* Debug */ = {
			isa = XCBuildConfiguration;
			buildSettings = {
				ALWAYS_SEARCH_USER_PATHS = NO;
				CLANG_ANALYZER_NONNULL = YES;
				CLANG_ANALYZER_NUMBER_OBJECT_CONVERSION = YES_AGGRESSIVE;
				CLANG_CXX_LANGUAGE_STANDARD = "gnu++14";
				CLANG_CXX_LIBRARY = "libc++";
				CLANG_ENABLE_MODULES = YES;
				CLANG_ENABLE_OBJC_ARC = YES;
				CLANG_ENABLE_OBJC_WEAK = YES;
				CLANG_WARN_BLOCK_CAPTURE_AUTORELEASING = YES;
				CLANG_WARN_BOOL_CONVERSION = YES;
				CLANG_WARN_COMMA = YES;
				CLANG_WARN_CONSTANT_CONVERSION = YES;
				CLANG_WARN_DEPRECATED_OBJC_IMPLEMENTATIONS = YES;
				CLANG_WARN_DIRECT_OBJC_ISA_USAGE = YES_ERROR;
				CLANG_WARN_DOCUMENTATION_COMMENTS = YES;
				CLANG_WARN_EMPTY_BODY = YES;
				CLANG_WARN_ENUM_CONVERSION = YES;
				CLANG_WARN_INFINITE_RECURSION = YES;
				CLANG_WARN_INT_CONVERSION = YES;
				CLANG_WARN_NON_LITERAL_NULL_CONVERSION = YES;
				CLANG_WARN_OBJC_IMPLICIT_RETAIN_SELF = YES;
				CLANG_WARN_OBJC_LITERAL_CONVERSION = YES;
				CLANG_WARN_OBJC_ROOT_CLASS = YES_ERROR;
				CLANG_WARN_RANGE_LOOP_ANALYSIS = YES;
				CLANG_WARN_STRICT_PROTOTYPES = YES;
				CLANG_WARN_SUSPICIOUS_MOVE = YES;
				CLANG_WARN_UNGUARDED_AVAILABILITY = YES_AGGRESSIVE;
				CLANG_WARN_UNREACHABLE_CODE = YES;
				CLANG_WARN__DUPLICATE_METHOD_MATCH = YES;
				COPY_PHASE_STRIP = NO;
				DEBUG_INFORMATION_FORMAT = dwarf;
				ENABLE_STRICT_OBJC_MSGSEND = YES;
				ENABLE_TESTABILITY = YES;
				GCC_C_LANGUAGE_STANDARD = gnu11;
				GCC_DYNAMIC_NO_PIC = NO;
				GCC_NO_COMMON_BLOCKS = YES;
				GCC_OPTIMIZATION_LEVEL = 0;
				GCC_PREPROCESSOR_DEFINITIONS = (
					"DEBUG=1",
					"$(inherited)",
				);
				GCC_WARN_64_TO_32_BIT_CONVERSION = YES;
				GCC_WARN_ABOUT_RETURN_TYPE = YES_ERROR;
				GCC_WARN_UNDECLARED_SELECTOR = YES;
				GCC_WARN_UNINITIALIZED_AUTOS = YES_AGGRESSIVE;
				GCC_WARN_UNUSED_FUNCTION = YES;
				GCC_WARN_UNUSED_VARIABLE = YES;
				IPHONEOS_DEPLOYMENT_TARGET = 13.2;
				MTL_ENABLE_DEBUG_INFO = INCLUDE_SOURCE;
				MTL_FAST_MATH = YES;
				ONLY_ACTIVE_ARCH = YES;
				SDKROOT = iphoneos;
				SWIFT_ACTIVE_COMPILATION_CONDITIONS = DEBUG;
				SWIFT_OPTIMIZATION_LEVEL = "-Onone";
			};
			name = Debug;
		};
		7662DE28247C6C1600A5CC45 /* Release */ = {
			isa = XCBuildConfiguration;
			buildSettings = {
				ALWAYS_SEARCH_USER_PATHS = NO;
				CLANG_ANALYZER_NONNULL = YES;
				CLANG_ANALYZER_NUMBER_OBJECT_CONVERSION = YES_AGGRESSIVE;
				CLANG_CXX_LANGUAGE_STANDARD = "gnu++14";
				CLANG_CXX_LIBRARY = "libc++";
				CLANG_ENABLE_MODULES = YES;
				CLANG_ENABLE_OBJC_ARC = YES;
				CLANG_ENABLE_OBJC_WEAK = YES;
				CLANG_WARN_BLOCK_CAPTURE_AUTORELEASING = YES;
				CLANG_WARN_BOOL_CONVERSION = YES;
				CLANG_WARN_COMMA = YES;
				CLANG_WARN_CONSTANT_CONVERSION = YES;
				CLANG_WARN_DEPRECATED_OBJC_IMPLEMENTATIONS = YES;
				CLANG_WARN_DIRECT_OBJC_ISA_USAGE = YES_ERROR;
				CLANG_WARN_DOCUMENTATION_COMMENTS = YES;
				CLANG_WARN_EMPTY_BODY = YES;
				CLANG_WARN_ENUM_CONVERSION = YES;
				CLANG_WARN_INFINITE_RECURSION = YES;
				CLANG_WARN_INT_CONVERSION = YES;
				CLANG_WARN_NON_LITERAL_NULL_CONVERSION = YES;
				CLANG_WARN_OBJC_IMPLICIT_RETAIN_SELF = YES;
				CLANG_WARN_OBJC_LITERAL_CONVERSION = YES;
				CLANG_WARN_OBJC_ROOT_CLASS = YES_ERROR;
				CLANG_WARN_RANGE_LOOP_ANALYSIS = YES;
				CLANG_WARN_STRICT_PROTOTYPES = YES;
				CLANG_WARN_SUSPICIOUS_MOVE = YES;
				CLANG_WARN_UNGUARDED_AVAILABILITY = YES_AGGRESSIVE;
				CLANG_WARN_UNREACHABLE_CODE = YES;
				CLANG_WARN__DUPLICATE_METHOD_MATCH = YES;
				COPY_PHASE_STRIP = NO;
				DEBUG_INFORMATION_FORMAT = "dwarf-with-dsym";
				ENABLE_NS_ASSERTIONS = NO;
				ENABLE_STRICT_OBJC_MSGSEND = YES;
				GCC_C_LANGUAGE_STANDARD = gnu11;
				GCC_NO_COMMON_BLOCKS = YES;
				GCC_WARN_64_TO_32_BIT_CONVERSION = YES;
				GCC_WARN_ABOUT_RETURN_TYPE = YES_ERROR;
				GCC_WARN_UNDECLARED_SELECTOR = YES;
				GCC_WARN_UNINITIALIZED_AUTOS = YES_AGGRESSIVE;
				GCC_WARN_UNUSED_FUNCTION = YES;
				GCC_WARN_UNUSED_VARIABLE = YES;
				IPHONEOS_DEPLOYMENT_TARGET = 13.2;
				MTL_ENABLE_DEBUG_INFO = NO;
				MTL_FAST_MATH = YES;
				SDKROOT = iphoneos;
				SWIFT_COMPILATION_MODE = wholemodule;
				SWIFT_OPTIMIZATION_LEVEL = "-O";
				VALIDATE_PRODUCT = YES;
			};
			name = Release;
		};
		7662DE2A247C6C1600A5CC45 /* Debug */ = {
			isa = XCBuildConfiguration;
			buildSettings = {
				ASSETCATALOG_COMPILER_APPICON_NAME = AppIcon;
				CODE_SIGN_STYLE = Automatic;
				INFOPLIST_FILE = GoalPost/Info.plist;
				LD_RUNPATH_SEARCH_PATHS = (
					"$(inherited)",
					"@executable_path/Frameworks",
				);
				PRODUCT_BUNDLE_IDENTIFIER = "Mohamed-Adel.GoalPost";
				PRODUCT_NAME = "$(TARGET_NAME)";
				SWIFT_VERSION = 5.0;
				TARGETED_DEVICE_FAMILY = "1,2";
			};
			name = Debug;
		};
		7662DE2B247C6C1600A5CC45 /* Release */ = {
			isa = XCBuildConfiguration;
			buildSettings = {
				ASSETCATALOG_COMPILER_APPICON_NAME = AppIcon;
				CODE_SIGN_STYLE = Automatic;
				INFOPLIST_FILE = GoalPost/Info.plist;
				LD_RUNPATH_SEARCH_PATHS = (
					"$(inherited)",
					"@executable_path/Frameworks",
				);
				PRODUCT_BUNDLE_IDENTIFIER = "Mohamed-Adel.GoalPost";
				PRODUCT_NAME = "$(TARGET_NAME)";
				SWIFT_VERSION = 5.0;
				TARGETED_DEVICE_FAMILY = "1,2";
			};
			name = Release;
		};
/* End XCBuildConfiguration section */

/* Begin XCConfigurationList section */
		7662DE0D247C6C1400A5CC45 /* Build configuration list for PBXProject "GoalPost" */ = {
			isa = XCConfigurationList;
			buildConfigurations = (
				7662DE27247C6C1600A5CC45 /* Debug */,
				7662DE28247C6C1600A5CC45 /* Release */,
			);
			defaultConfigurationIsVisible = 0;
			defaultConfigurationName = Release;
		};
		7662DE29247C6C1600A5CC45 /* Build configuration list for PBXNativeTarget "GoalPost" */ = {
			isa = XCConfigurationList;
			buildConfigurations = (
				7662DE2A247C6C1600A5CC45 /* Debug */,
				7662DE2B247C6C1600A5CC45 /* Release */,
			);
			defaultConfigurationIsVisible = 0;
			defaultConfigurationName = Release;
		};
/* End XCConfigurationList section */

/* Begin XCVersionGroup section */
		7662DE1E247C6C1400A5CC45 /* GoalPost.xcdatamodeld */ = {
			isa = XCVersionGroup;
			children = (
				7662DE1F247C6C1400A5CC45 /* GoalPost.xcdatamodel */,
			);
			currentVersion = 7662DE1F247C6C1400A5CC45 /* GoalPost.xcdatamodel */;
			path = GoalPost.xcdatamodeld;
			sourceTree = "<group>";
			versionGroupType = wrapper.xcdatamodel;
		};
/* End XCVersionGroup section */
	};
	rootObject = 7662DE0A247C6C1400A5CC45 /* Project object */;
}
